
Microsoft Visual Studio Solution File, Format Version 12.00
# Visual Studio Version 16
VisualStudioVersion = 16.0.809.0
MinimumVisualStudioVersion = 10.0.40219.1
Project("{FAE04EC0-301F-11D3-BF4B-00C04F79EFBC}") = "mungmunglogServer", "mungmunglogServer\mungmunglogServer.csproj", "{05EFBB5A-3FC6-4E72-A30A-C04C2D42379A}"
EndProject
Global
	GlobalSection(SolutionConfigurationPlatforms) = preSolution
		Debug|Any CPU = Debug|Any CPU
		Release|Any CPU = Release|Any CPU
	EndGlobalSection
	GlobalSection(ProjectConfigurationPlatforms) = postSolution
		{05EFBB5A-3FC6-4E72-A30A-C04C2D42379A}.Debug|Any CPU.ActiveCfg = Debug|Any CPU
		{05EFBB5A-3FC6-4E72-A30A-C04C2D42379A}.Debug|Any CPU.Build.0 = Debug|Any CPU
		{05EFBB5A-3FC6-4E72-A30A-C04C2D42379A}.Release|Any CPU.ActiveCfg = Release|Any CPU
		{05EFBB5A-3FC6-4E72-A30A-C04C2D42379A}.Release|Any CPU.Build.0 = Release|Any CPU
	EndGlobalSection
	GlobalSection(SolutionProperties) = preSolution
		HideSolutionNode = FALSE
	EndGlobalSection
	GlobalSection(ExtensibilityGlobals) = postSolution
		SolutionGuid = {0AB6696E-1B25-497A-B22F-3E2CA7619487}
	EndGlobalSection
EndGlobal
